
Microsoft Visual Studio Solution File, Format Version 12.00
# Visual Studio 2012
Project("{159641D6-6404-4A2A-AE62-294DE0FE8301}") = "CdcEtlDemo", "CdcEtlDemo.dtproj", "{777EEED5-C562-497B-B554-5F17647A6DFF}"
EndProject
Global
	GlobalSection(SolutionConfigurationPlatforms) = preSolution
		Development|Default = Development|Default
	EndGlobalSection
	GlobalSection(ProjectConfigurationPlatforms) = postSolution
		{777EEED5-C562-497B-B554-5F17647A6DFF}.Development|Default.ActiveCfg = Development
		{777EEED5-C562-497B-B554-5F17647A6DFF}.Development|Default.Build.0 = Development
	EndGlobalSection
	GlobalSection(SolutionProperties) = preSolution
		HideSolutionNode = FALSE
	EndGlobalSection
EndGlobal
