
Microsoft Visual Studio Solution File, Format Version 11.00
# Visual Studio 2010
Project("{159641D6-6404-4A2A-AE62-294DE0FE8301}") = "Zasilanie DW", "Zasilanie DW.dtproj", "{2123B230-5111-44D5-8B25-0AC043D6EECE}"
EndProject
Global
	GlobalSection(SolutionConfigurationPlatforms) = preSolution
		Development|Default = Development|Default
	EndGlobalSection
	GlobalSection(ProjectConfigurationPlatforms) = postSolution
		{2123B230-5111-44D5-8B25-0AC043D6EECE}.Development|Default.ActiveCfg = Development
		{2123B230-5111-44D5-8B25-0AC043D6EECE}.Development|Default.Build.0 = Development
	EndGlobalSection
	GlobalSection(SolutionProperties) = preSolution
		HideSolutionNode = FALSE
	EndGlobalSection
EndGlobal
